
Microsoft Visual Studio Solution File, Format Version 12.00
# Visual Studio Version 17
VisualStudioVersion = 17.14.36623.8 d17.14
MinimumVisualStudioVersion = 10.0.40219.1
Project("{FAE04EC0-301F-11D3-BF4B-00C04F79EFBC}") = "project26", "project26.csproj", "{AE193C32-2F46-497A-AD8C-9C415C4E7EFE}"
EndProject
Global
	GlobalSection(SolutionConfigurationPlatforms) = preSolution
		Debug|Any CPU = Debug|Any CPU
		Release|Any CPU = Release|Any CPU
	EndGlobalSection
	GlobalSection(ProjectConfigurationPlatforms) = postSolution
		{AE193C32-2F46-497A-AD8C-9C415C4E7EFE}.Debug|Any CPU.ActiveCfg = Debug|Any CPU
		{AE193C32-2F46-497A-AD8C-9C415C4E7EFE}.Debug|Any CPU.Build.0 = Debug|Any CPU
		{AE193C32-2F46-497A-AD8C-9C415C4E7EFE}.Release|Any CPU.ActiveCfg = Release|Any CPU
		{AE193C32-2F46-497A-AD8C-9C415C4E7EFE}.Release|Any CPU.Build.0 = Release|Any CPU
	EndGlobalSection
	GlobalSection(SolutionProperties) = preSolution
		HideSolutionNode = FALSE
	EndGlobalSection
	GlobalSection(ExtensibilityGlobals) = postSolution
		SolutionGuid = {ABE13EEC-894B-41BF-8BFF-414F455F2F47}
	EndGlobalSection
EndGlobal
